
Microsoft Visual Studio Solution File, Format Version 12.00
# Visual Studio Version 17
VisualStudioVersion = 17.4.33213.308
MinimumVisualStudioVersion = 10.0.40219.1
Project("{9A19103F-16F7-4668-BE54-9A1E7A4F7556}") = "PipelineExample.App1", "src\PipelineExample.App1\PipelineExample.App1.csproj", "{8BA74714-29CB-4E11-8E52-6EF565ACF453}"
EndProject
Project("{FAE04EC0-301F-11D3-BF4B-00C04F79EFBC}") = "PipelineExample.App2", "src\PipelineExample.App2\PipelineExample.App2.csproj", "{AE723114-2E23-4507-9559-FED4E28B216F}"
EndProject
Project("{FAE04EC0-301F-11D3-BF4B-00C04F79EFBC}") = "PipelineExample.App3", "src\PipelineExample.App3\PipelineExample.App3.csproj", "{42099326-7B5E-43A2-95A7-45D4C5590B17}"
EndProject
Project("{FAE04EC0-301F-11D3-BF4B-00C04F79EFBC}") = "PipelineExample.App1.Tests", "src\PipelineExample.App1.Tests\PipelineExample.App1.Tests.csproj", "{AC8C8FDB-2C11-456A-8477-839867647952}"
EndProject
Project("{FAE04EC0-301F-11D3-BF4B-00C04F79EFBC}") = "PipelineExample.App2.Tests", "src\PipelineExample.App2.Tests\PipelineExample.App2.Tests.csproj", "{485E77BE-F2B7-486E-8C61-03CDC6CC310F}"
EndProject
Project("{FAE04EC0-301F-11D3-BF4B-00C04F79EFBC}") = "PipelineExample.App3.Tests", "src\PipelineExample.App3.Tests\PipelineExample.App3.Tests.csproj", "{BF025044-A448-4F9E-9652-7A069130D870}"
EndProject
Project("{2150E333-8FDC-42A3-9474-1A3956D46DE8}") = "Tests", "Tests", "{351BCCDE-8EE5-49B5-A0F9-5A60CDC6299F}"
EndProject
Global
	GlobalSection(SolutionConfigurationPlatforms) = preSolution
		Debug|Any CPU = Debug|Any CPU
		Release|Any CPU = Release|Any CPU
	EndGlobalSection
	GlobalSection(ProjectConfigurationPlatforms) = postSolution
		{8BA74714-29CB-4E11-8E52-6EF565ACF453}.Debug|Any CPU.ActiveCfg = Debug|Any CPU
		{8BA74714-29CB-4E11-8E52-6EF565ACF453}.Debug|Any CPU.Build.0 = Debug|Any CPU
		{8BA74714-29CB-4E11-8E52-6EF565ACF453}.Release|Any CPU.ActiveCfg = Release|Any CPU
		{8BA74714-29CB-4E11-8E52-6EF565ACF453}.Release|Any CPU.Build.0 = Release|Any CPU
		{AE723114-2E23-4507-9559-FED4E28B216F}.Debug|Any CPU.ActiveCfg = Debug|Any CPU
		{AE723114-2E23-4507-9559-FED4E28B216F}.Debug|Any CPU.Build.0 = Debug|Any CPU
		{AE723114-2E23-4507-9559-FED4E28B216F}.Release|Any CPU.ActiveCfg = Release|Any CPU
		{AE723114-2E23-4507-9559-FED4E28B216F}.Release|Any CPU.Build.0 = Release|Any CPU
		{42099326-7B5E-43A2-95A7-45D4C5590B17}.Debug|Any CPU.ActiveCfg = Debug|Any CPU
		{42099326-7B5E-43A2-95A7-45D4C5590B17}.Debug|Any CPU.Build.0 = Debug|Any CPU
		{42099326-7B5E-43A2-95A7-45D4C5590B17}.Release|Any CPU.ActiveCfg = Release|Any CPU
		{42099326-7B5E-43A2-95A7-45D4C5590B17}.Release|Any CPU.Build.0 = Release|Any CPU
		{AC8C8FDB-2C11-456A-8477-839867647952}.Debug|Any CPU.ActiveCfg = Debug|Any CPU
		{AC8C8FDB-2C11-456A-8477-839867647952}.Debug|Any CPU.Build.0 = Debug|Any CPU
		{AC8C8FDB-2C11-456A-8477-839867647952}.Release|Any CPU.ActiveCfg = Release|Any CPU
		{AC8C8FDB-2C11-456A-8477-839867647952}.Release|Any CPU.Build.0 = Release|Any CPU
		{485E77BE-F2B7-486E-8C61-03CDC6CC310F}.Debug|Any CPU.ActiveCfg = Debug|Any CPU
		{485E77BE-F2B7-486E-8C61-03CDC6CC310F}.Debug|Any CPU.Build.0 = Debug|Any CPU
		{485E77BE-F2B7-486E-8C61-03CDC6CC310F}.Release|Any CPU.ActiveCfg = Release|Any CPU
		{485E77BE-F2B7-486E-8C61-03CDC6CC310F}.Release|Any CPU.Build.0 = Release|Any CPU
		{BF025044-A448-4F9E-9652-7A069130D870}.Debug|Any CPU.ActiveCfg = Debug|Any CPU
		{BF025044-A448-4F9E-9652-7A069130D870}.Debug|Any CPU.Build.0 = Debug|Any CPU
		{BF025044-A448-4F9E-9652-7A069130D870}.Release|Any CPU.ActiveCfg = Release|Any CPU
		{BF025044-A448-4F9E-9652-7A069130D870}.Release|Any CPU.Build.0 = Release|Any CPU
	EndGlobalSection
	GlobalSection(SolutionProperties) = preSolution
		HideSolutionNode = FALSE
	EndGlobalSection
	GlobalSection(NestedProjects) = preSolution
		{AC8C8FDB-2C11-456A-8477-839867647952} = {351BCCDE-8EE5-49B5-A0F9-5A60CDC6299F}
		{485E77BE-F2B7-486E-8C61-03CDC6CC310F} = {351BCCDE-8EE5-49B5-A0F9-5A60CDC6299F}
		{BF025044-A448-4F9E-9652-7A069130D870} = {351BCCDE-8EE5-49B5-A0F9-5A60CDC6299F}
	EndGlobalSection
	GlobalSection(ExtensibilityGlobals) = postSolution
		SolutionGuid = {4802694E-C777-4008-9705-D61C4EFA0459}
	EndGlobalSection
EndGlobal
